// !$*UTF8*$!
{
	archiveVersion = 1;
	classes = {
	};
	objectVersion = 50;
	objects = {

/* Begin PBXBuildFile section */
		7B0DC7722284D21100F7DBC4 /* ECS.cpp in Sources */ = {isa = PBXBuildFile; fileRef = 7B0DC7712284D21100F7DBC4 /* ECS.cpp */; };
		7B86DEE72283585900D96980 /* main.cpp in Sources */ = {isa = PBXBuildFile; fileRef = 7B86DEE62283585900D96980 /* main.cpp */; };
		7B86DEF2228358C800D96980 /* Game.cpp in Sources */ = {isa = PBXBuildFile; fileRef = 7B86DEF0228358C800D96980 /* Game.cpp */; };
		7B86DEFA22836D0500D96980 /* libSDL2-2.0.0.dylib in Frameworks */ = {isa = PBXBuildFile; fileRef = 7B86DEF722836B2000D96980 /* libSDL2-2.0.0.dylib */; };
		7B86DEFB22836D1300D96980 /* libSDL2_image-2.0.0.dylib in Frameworks */ = {isa = PBXBuildFile; fileRef = 7B86DEF5228368E300D96980 /* libSDL2_image-2.0.0.dylib */; };
		7B86DF0022837BAC00D96980 /* TextureManager.cpp in Sources */ = {isa = PBXBuildFile; fileRef = 7B86DEFF22837BAC00D96980 /* TextureManager.cpp */; };
		7B86DF0322837E2300D96980 /* GameObject.cpp in Sources */ = {isa = PBXBuildFile; fileRef = 7B86DF0222837E2300D96980 /* GameObject.cpp */; };
		7B86DF0722839BCC00D96980 /* Map.cpp in Sources */ = {isa = PBXBuildFile; fileRef = 7B86DF0622839BCC00D96980 /* Map.cpp */; };
		7B86DF0F2283C7DB00D96980 /* Vector2D.cpp in Sources */ = {isa = PBXBuildFile; fileRef = 7B86DF0E2283C7DB00D96980 /* Vector2D.cpp */; };
		7B86DF142283DFF300D96980 /* Collision.cpp in Sources */ = {isa = PBXBuildFile; fileRef = 7B86DF132283DFF300D96980 /* Collision.cpp */; };
/* End PBXBuildFile section */

/* Begin PBXCopyFilesBuildPhase section */
		7B86DEE12283585900D96980 /* CopyFiles */ = {
			isa = PBXCopyFilesBuildPhase;
			buildActionMask = 2147483647;
			dstPath = /usr/share/man/man1/;
			dstSubfolderSpec = 0;
			files = (
			);
			runOnlyForDeploymentPostprocessing = 1;
		};
/* End PBXCopyFilesBuildPhase section */

/* Begin PBXFileReference section */
		7B0DC76C2284A78700F7DBC4 /* TileComponent.h */ = {isa = PBXFileReference; lastKnownFileType = sourcecode.c.h; path = TileComponent.h; sourceTree = "<group>"; };
		7B0DC76D2284C83D00F7DBC4 /* water.png */ = {isa = PBXFileReference; lastKnownFileType = image.png; path = water.png; sourceTree = "<group>"; };
		7B0DC76E2284C83D00F7DBC4 /* p16x16.map */ = {isa = PBXFileReference; fileEncoding = 4; lastKnownFileType = "sourcecode.module-map"; path = p16x16.map; sourceTree = "<group>"; };
		7B0DC76F2284C83D00F7DBC4 /* grass.png */ = {isa = PBXFileReference; lastKnownFileType = image.png; path = grass.png; sourceTree = "<group>"; };
		7B0DC7702284C83D00F7DBC4 /* dirt.png */ = {isa = PBXFileReference; lastKnownFileType = image.png; path = dirt.png; sourceTree = "<group>"; };
		7B0DC7712284D21100F7DBC4 /* ECS.cpp */ = {isa = PBXFileReference; lastKnownFileType = sourcecode.cpp.cpp; path = ECS.cpp; sourceTree = "<group>"; };
		7B0DC7732284DB1800F7DBC4 /* Animation.h */ = {isa = PBXFileReference; lastKnownFileType = sourcecode.c.h; path = Animation.h; sourceTree = "<group>"; };
		7B0DC7742284EA9400F7DBC4 /* map.map */ = {isa = PBXFileReference; fileEncoding = 4; lastKnownFileType = "sourcecode.module-map"; path = map.map; sourceTree = "<group>"; };
		7B0DC7752284EA9400F7DBC4 /* terrain_ss.png */ = {isa = PBXFileReference; lastKnownFileType = image.png; path = terrain_ss.png; sourceTree = "<group>"; };
		7B0DC7762285525A00F7DBC4 /* ColTex.png */ = {isa = PBXFileReference; lastKnownFileType = image.png; path = ColTex.png; sourceTree = "<group>"; };
		7B86DEE32283585900D96980 /* 2D_Game_Engine */ = {isa = PBXFileReference; explicitFileType = "compiled.mach-o.executable"; includeInIndex = 0; path = 2D_Game_Engine; sourceTree = BUILT_PRODUCTS_DIR; };
		7B86DEE62283585900D96980 /* main.cpp */ = {isa = PBXFileReference; lastKnownFileType = sourcecode.cpp.cpp; path = main.cpp; sourceTree = "<group>"; };
		7B86DEEE2283587800D96980 /* SDL2.framework */ = {isa = PBXFileReference; lastKnownFileType = wrapper.framework; name = SDL2.framework; path = ../../../../../Library/Frameworks/SDL2.framework; sourceTree = "<group>"; };
		7B86DEF0228358C800D96980 /* Game.cpp */ = {isa = PBXFileReference; lastKnownFileType = sourcecode.cpp.cpp; path = Game.cpp; sourceTree = "<group>"; };
		7B86DEF1228358C800D96980 /* Game.h */ = {isa = PBXFileReference; lastKnownFileType = sourcecode.c.h; path = Game.h; sourceTree = "<group>"; };
		7B86DEF5228368E300D96980 /* libSDL2_image-2.0.0.dylib */ = {isa = PBXFileReference; lastKnownFileType = "compiled.mach-o.dylib"; name = "libSDL2_image-2.0.0.dylib"; path = "../../../../../usr/local/Cellar/sdl2_image/2.0.4/lib/libSDL2_image-2.0.0.dylib"; sourceTree = "<group>"; };
		7B86DEF722836B2000D96980 /* libSDL2-2.0.0.dylib */ = {isa = PBXFileReference; lastKnownFileType = "compiled.mach-o.dylib"; name = "libSDL2-2.0.0.dylib"; path = "../../../../../usr/local/Cellar/sdl2/2.0.9_1/lib/libSDL2-2.0.0.dylib"; sourceTree = "<group>"; };
		7B86DEFD228372CE00D96980 /* dragon.png */ = {isa = PBXFileReference; lastKnownFileType = image.png; path = dragon.png; sourceTree = "<group>"; };
		7B86DEFE22837B3A00D96980 /* TextureManager.h */ = {isa = PBXFileReference; lastKnownFileType = sourcecode.c.h; path = TextureManager.h; sourceTree = "<group>"; };
		7B86DEFF22837BAC00D96980 /* TextureManager.cpp */ = {isa = PBXFileReference; lastKnownFileType = sourcecode.cpp.cpp; path = TextureManager.cpp; sourceTree = "<group>"; };
		7B86DF0122837D4900D96980 /* GameObject.h */ = {isa = PBXFileReference; lastKnownFileType = sourcecode.c.h; path = GameObject.h; sourceTree = "<group>"; };
		7B86DF0222837E2300D96980 /* GameObject.cpp */ = {isa = PBXFileReference; lastKnownFileType = sourcecode.cpp.cpp; path = GameObject.cpp; sourceTree = "<group>"; };
		7B86DF042283978500D96980 /* dragon1.png */ = {isa = PBXFileReference; lastKnownFileType = image.png; path = dragon1.png; sourceTree = "<group>"; };
		7B86DF0522839B0400D96980 /* Map.h */ = {isa = PBXFileReference; lastKnownFileType = sourcecode.c.h; path = Map.h; sourceTree = "<group>"; };
		7B86DF0622839BCC00D96980 /* Map.cpp */ = {isa = PBXFileReference; lastKnownFileType = sourcecode.cpp.cpp; path = Map.cpp; sourceTree = "<group>"; };
		7B86DF082283A45800D96980 /* ECS.h */ = {isa = PBXFileReference; lastKnownFileType = sourcecode.c.h; path = ECS.h; sourceTree = "<group>"; };
		7B86DF092283ACFB00D96980 /* Components.h */ = {isa = PBXFileReference; lastKnownFileType = sourcecode.c.h; path = Components.h; sourceTree = "<group>"; };
		7B86DF0A2283B68600D96980 /* SpriteComponent.h */ = {isa = PBXFileReference; lastKnownFileType = sourcecode.c.h; path = SpriteComponent.h; sourceTree = "<group>"; };
		7B86DF0B2283B70700D96980 /* TransformComponent.h */ = {isa = PBXFileReference; lastKnownFileType = sourcecode.c.h; path = TransformComponent.h; sourceTree = "<group>"; };
		7B86DF0D2283C58900D96980 /* Vector2D.h */ = {isa = PBXFileReference; lastKnownFileType = sourcecode.c.h; path = Vector2D.h; sourceTree = "<group>"; };
		7B86DF0E2283C7DB00D96980 /* Vector2D.cpp */ = {isa = PBXFileReference; lastKnownFileType = sourcecode.cpp.cpp; path = Vector2D.cpp; sourceTree = "<group>"; };
		7B86DF102283D6FA00D96980 /* KeyboardController.h */ = {isa = PBXFileReference; lastKnownFileType = sourcecode.c.h; path = KeyboardController.h; sourceTree = "<group>"; };
		7B86DF112283DA7500D96980 /* ColliderComponent.h */ = {isa = PBXFileReference; lastKnownFileType = sourcecode.c.h; path = ColliderComponent.h; sourceTree = "<group>"; };
		7B86DF122283DF8500D96980 /* Collision.h */ = {isa = PBXFileReference; lastKnownFileType = sourcecode.c.h; path = Collision.h; sourceTree = "<group>"; };
		7B86DF132283DFF300D96980 /* Collision.cpp */ = {isa = PBXFileReference; lastKnownFileType = sourcecode.cpp.cpp; path = Collision.cpp; sourceTree = "<group>"; };
/* End PBXFileReference section */

/* Begin PBXFrameworksBuildPhase section */
		7B86DEE02283585900D96980 /* Frameworks */ = {
			isa = PBXFrameworksBuildPhase;
			buildActionMask = 2147483647;
			files = (
				7B86DEFB22836D1300D96980 /* libSDL2_image-2.0.0.dylib in Frameworks */,
				7B86DEFA22836D0500D96980 /* libSDL2-2.0.0.dylib in Frameworks */,
			);
			runOnlyForDeploymentPostprocessing = 0;
		};
/* End PBXFrameworksBuildPhase section */

/* Begin PBXGroup section */
		7B86DEDA2283585900D96980 = {
			isa = PBXGroup;
			children = (
				7B86DEF3228361CE00D96980 /* Textures */,
				7B86DEE52283585900D96980 /* 2D_Game_Engine */,
				7B86DEE42283585900D96980 /* Products */,
				7B86DEED2283587800D96980 /* Frameworks */,
			);
			sourceTree = "<group>";
		};
		7B86DEE42283585900D96980 /* Products */ = {
			isa = PBXGroup;
			children = (
				7B86DEE32283585900D96980 /* 2D_Game_Engine */,
			);
			name = Products;
			sourceTree = "<group>";
		};
		7B86DEE52283585900D96980 /* 2D_Game_Engine */ = {
			isa = PBXGroup;
			children = (
				7B86DF0C2283B77000D96980 /* ECS */,
				7B86DEF42283659400D96980 /* assets */,
				7B86DEE62283585900D96980 /* main.cpp */,
				7B86DF0122837D4900D96980 /* GameObject.h */,
				7B86DF122283DF8500D96980 /* Collision.h */,
				7B86DF132283DFF300D96980 /* Collision.cpp */,
				7B86DF0222837E2300D96980 /* GameObject.cpp */,
				7B86DF0522839B0400D96980 /* Map.h */,
				7B86DF0622839BCC00D96980 /* Map.cpp */,
				7B86DEF1228358C800D96980 /* Game.h */,
				7B86DEF0228358C800D96980 /* Game.cpp */,
				7B86DF0D2283C58900D96980 /* Vector2D.h */,
				7B86DF0E2283C7DB00D96980 /* Vector2D.cpp */,
				7B86DEFF22837BAC00D96980 /* TextureManager.cpp */,
				7B86DEFE22837B3A00D96980 /* TextureManager.h */,
			);
			path = 2D_Game_Engine;
			sourceTree = "<group>";
		};
		7B86DEED2283587800D96980 /* Frameworks */ = {
			isa = PBXGroup;
			children = (
				7B86DEF722836B2000D96980 /* libSDL2-2.0.0.dylib */,
				7B86DEF5228368E300D96980 /* libSDL2_image-2.0.0.dylib */,
				7B86DEEE2283587800D96980 /* SDL2.framework */,
			);
			name = Frameworks;
			sourceTree = "<group>";
		};
		7B86DEF3228361CE00D96980 /* Textures */ = {
			isa = PBXGroup;
			children = (
			);
			path = Textures;
			sourceTree = "<group>";
		};
		7B86DEF42283659400D96980 /* assets */ = {
			isa = PBXGroup;
			children = (
				7B0DC7762285525A00F7DBC4 /* ColTex.png */,
				7B0DC7742284EA9400F7DBC4 /* map.map */,
				7B0DC7752284EA9400F7DBC4 /* terrain_ss.png */,
				7B0DC7702284C83D00F7DBC4 /* dirt.png */,
				7B0DC76F2284C83D00F7DBC4 /* grass.png */,
				7B0DC76E2284C83D00F7DBC4 /* p16x16.map */,
				7B0DC76D2284C83D00F7DBC4 /* water.png */,
				7B86DF042283978500D96980 /* dragon1.png */,
				7B86DEFD228372CE00D96980 /* dragon.png */,
			);
			path = assets;
			sourceTree = "<group>";
		};
		7B86DF0C2283B77000D96980 /* ECS */ = {
			isa = PBXGroup;
			children = (
				7B86DF082283A45800D96980 /* ECS.h */,
				7B0DC7732284DB1800F7DBC4 /* Animation.h */,
				7B0DC7712284D21100F7DBC4 /* ECS.cpp */,
				7B86DF092283ACFB00D96980 /* Components.h */,
				7B86DF0B2283B70700D96980 /* TransformComponent.h */,
				7B86DF102283D6FA00D96980 /* KeyboardController.h */,
				7B86DF112283DA7500D96980 /* ColliderComponent.h */,
				7B86DF0A2283B68600D96980 /* SpriteComponent.h */,
				7B0DC76C2284A78700F7DBC4 /* TileComponent.h */,
			);
			path = ECS;
			sourceTree = "<group>";
		};
/* End PBXGroup section */

/* Begin PBXNativeTarget section */
		7B86DEE22283585900D96980 /* 2D_Game_Engine */ = {
			isa = PBXNativeTarget;
			buildConfigurationList = 7B86DEEA2283585900D96980 /* Build configuration list for PBXNativeTarget "2D_Game_Engine" */;
			buildPhases = (
				7B86DEDF2283585900D96980 /* Sources */,
				7B86DEE02283585900D96980 /* Frameworks */,
				7B86DEE12283585900D96980 /* CopyFiles */,
			);
			buildRules = (
			);
			dependencies = (
			);
			name = 2D_Game_Engine;
			productName = 2D_Game_Engine;
			productReference = 7B86DEE32283585900D96980 /* 2D_Game_Engine */;
			productType = "com.apple.product-type.tool";
		};
/* End PBXNativeTarget section */

/* Begin PBXProject section */
		7B86DEDB2283585900D96980 /* Project object */ = {
			isa = PBXProject;
			attributes = {
				LastUpgradeCheck = 1020;
				ORGANIZATIONNAME = "Yuqi Liu";
				TargetAttributes = {
					7B86DEE22283585900D96980 = {
						CreatedOnToolsVersion = 10.2.1;
					};
				};
			};
			buildConfigurationList = 7B86DEDE2283585900D96980 /* Build configuration list for PBXProject "2D_Game_Engine" */;
			compatibilityVersion = "Xcode 9.3";
			developmentRegion = en;
			hasScannedForEncodings = 0;
			knownRegions = (
				en,
			);
			mainGroup = 7B86DEDA2283585900D96980;
			productRefGroup = 7B86DEE42283585900D96980 /* Products */;
			projectDirPath = "";
			projectRoot = "";
			targets = (
				7B86DEE22283585900D96980 /* 2D_Game_Engine */,
			);
		};
/* End PBXProject section */

/* Begin PBXSourcesBuildPhase section */
		7B86DEDF2283585900D96980 /* Sources */ = {
			isa = PBXSourcesBuildPhase;
			buildActionMask = 2147483647;
			files = (
				7B86DF142283DFF300D96980 /* Collision.cpp in Sources */,
				7B86DF0322837E2300D96980 /* GameObject.cpp in Sources */,
				7B86DF0722839BCC00D96980 /* Map.cpp in Sources */,
				7B0DC7722284D21100F7DBC4 /* ECS.cpp in Sources */,
				7B86DF0F2283C7DB00D96980 /* Vector2D.cpp in Sources */,
				7B86DEE72283585900D96980 /* main.cpp in Sources */,
				7B86DEF2228358C800D96980 /* Game.cpp in Sources */,
				7B86DF0022837BAC00D96980 /* TextureManager.cpp in Sources */,
			);
			runOnlyForDeploymentPostprocessing = 0;
		};
/* End PBXSourcesBuildPhase section */

/* Begin XCBuildConfiguration section */
		7B86DEE82283585900D96980 /* Debug */ = {
			isa = XCBuildConfiguration;
			buildSettings = {
				ALWAYS_SEARCH_USER_PATHS = NO;
				CLANG_ANALYZER_NONNULL = YES;
				CLANG_ANALYZER_NUMBER_OBJECT_CONVERSION = YES_AGGRESSIVE;
				CLANG_CXX_LANGUAGE_STANDARD = "gnu++14";
				CLANG_CXX_LIBRARY = "libc++";
				CLANG_ENABLE_MODULES = YES;
				CLANG_ENABLE_OBJC_ARC = YES;
				CLANG_ENABLE_OBJC_WEAK = YES;
				CLANG_WARN_BLOCK_CAPTURE_AUTORELEASING = YES;
				CLANG_WARN_BOOL_CONVERSION = YES;
				CLANG_WARN_COMMA = YES;
				CLANG_WARN_CONSTANT_CONVERSION = YES;
				CLANG_WARN_DEPRECATED_OBJC_IMPLEMENTATIONS = YES;
				CLANG_WARN_DIRECT_OBJC_ISA_USAGE = YES_ERROR;
				CLANG_WARN_DOCUMENTATION_COMMENTS = YES;
				CLANG_WARN_EMPTY_BODY = YES;
				CLANG_WARN_ENUM_CONVERSION = YES;
				CLANG_WARN_INFINITE_RECURSION = YES;
				CLANG_WARN_INT_CONVERSION = YES;
				CLANG_WARN_NON_LITERAL_NULL_CONVERSION = YES;
				CLANG_WARN_OBJC_IMPLICIT_RETAIN_SELF = YES;
				CLANG_WARN_OBJC_LITERAL_CONVERSION = YES;
				CLANG_WARN_OBJC_ROOT_CLASS = YES_ERROR;
				CLANG_WARN_RANGE_LOOP_ANALYSIS = YES;
				CLANG_WARN_STRICT_PROTOTYPES = YES;
				CLANG_WARN_SUSPICIOUS_MOVE = YES;
				CLANG_WARN_UNGUARDED_AVAILABILITY = YES_AGGRESSIVE;
				CLANG_WARN_UNREACHABLE_CODE = YES;
				CLANG_WARN__DUPLICATE_METHOD_MATCH = YES;
				CODE_SIGN_IDENTITY = "-";
				COPY_PHASE_STRIP = NO;
				DEBUG_INFORMATION_FORMAT = dwarf;
				ENABLE_STRICT_OBJC_MSGSEND = YES;
				ENABLE_TESTABILITY = YES;
				GCC_C_LANGUAGE_STANDARD = gnu11;
				GCC_DYNAMIC_NO_PIC = NO;
				GCC_NO_COMMON_BLOCKS = YES;
				GCC_OPTIMIZATION_LEVEL = 0;
				GCC_PREPROCESSOR_DEFINITIONS = (
					"DEBUG=1",
					"$(inherited)",
				);
				GCC_WARN_64_TO_32_BIT_CONVERSION = YES;
				GCC_WARN_ABOUT_RETURN_TYPE = YES_ERROR;
				GCC_WARN_UNDECLARED_SELECTOR = YES;
				GCC_WARN_UNINITIALIZED_AUTOS = YES_AGGRESSIVE;
				GCC_WARN_UNUSED_FUNCTION = YES;
				GCC_WARN_UNUSED_VARIABLE = YES;
				MACOSX_DEPLOYMENT_TARGET = 10.14;
				MTL_ENABLE_DEBUG_INFO = INCLUDE_SOURCE;
				MTL_FAST_MATH = YES;
				ONLY_ACTIVE_ARCH = YES;
				SDKROOT = macosx;
			};
			name = Debug;
		};
		7B86DEE92283585900D96980 /* Release */ = {
			isa = XCBuildConfiguration;
			buildSettings = {
				ALWAYS_SEARCH_USER_PATHS = NO;
				CLANG_ANALYZER_NONNULL = YES;
				CLANG_ANALYZER_NUMBER_OBJECT_CONVERSION = YES_AGGRESSIVE;
				CLANG_CXX_LANGUAGE_STANDARD = "gnu++14";
				CLANG_CXX_LIBRARY = "libc++";
				CLANG_ENABLE_MODULES = YES;
				CLANG_ENABLE_OBJC_ARC = YES;
				CLANG_ENABLE_OBJC_WEAK = YES;
				CLANG_WARN_BLOCK_CAPTURE_AUTORELEASING = YES;
				CLANG_WARN_BOOL_CONVERSION = YES;
				CLANG_WARN_COMMA = YES;
				CLANG_WARN_CONSTANT_CONVERSION = YES;
				CLANG_WARN_DEPRECATED_OBJC_IMPLEMENTATIONS = YES;
				CLANG_WARN_DIRECT_OBJC_ISA_USAGE = YES_ERROR;
				CLANG_WARN_DOCUMENTATION_COMMENTS = YES;
				CLANG_WARN_EMPTY_BODY = YES;
				CLANG_WARN_ENUM_CONVERSION = YES;
				CLANG_WARN_INFINITE_RECURSION = YES;
				CLANG_WARN_INT_CONVERSION = YES;
				CLANG_WARN_NON_LITERAL_NULL_CONVERSION = YES;
				CLANG_WARN_OBJC_IMPLICIT_RETAIN_SELF = YES;
				CLANG_WARN_OBJC_LITERAL_CONVERSION = YES;
				CLANG_WARN_OBJC_ROOT_CLASS = YES_ERROR;
				CLANG_WARN_RANGE_LOOP_ANALYSIS = YES;
				CLANG_WARN_STRICT_PROTOTYPES = YES;
				CLANG_WARN_SUSPICIOUS_MOVE = YES;
				CLANG_WARN_UNGUARDED_AVAILABILITY = YES_AGGRESSIVE;
				CLANG_WARN_UNREACHABLE_CODE = YES;
				CLANG_WARN__DUPLICATE_METHOD_MATCH = YES;
				CODE_SIGN_IDENTITY = "-";
				COPY_PHASE_STRIP = NO;
				DEBUG_INFORMATION_FORMAT = "dwarf-with-dsym";
				ENABLE_NS_ASSERTIONS = NO;
				ENABLE_STRICT_OBJC_MSGSEND = YES;
				GCC_C_LANGUAGE_STANDARD = gnu11;
				GCC_NO_COMMON_BLOCKS = YES;
				GCC_WARN_64_TO_32_BIT_CONVERSION = YES;
				GCC_WARN_ABOUT_RETURN_TYPE = YES_ERROR;
				GCC_WARN_UNDECLARED_SELECTOR = YES;
				GCC_WARN_UNINITIALIZED_AUTOS = YES_AGGRESSIVE;
				GCC_WARN_UNUSED_FUNCTION = YES;
				GCC_WARN_UNUSED_VARIABLE = YES;
				MACOSX_DEPLOYMENT_TARGET = 10.14;
				MTL_ENABLE_DEBUG_INFO = NO;
				MTL_FAST_MATH = YES;
				SDKROOT = macosx;
			};
			name = Release;
		};
		7B86DEEB2283585900D96980 /* Debug */ = {
			isa = XCBuildConfiguration;
			buildSettings = {
				CODE_SIGN_STYLE = Manual;
				DEVELOPMENT_TEAM = "";
				FRAMEWORK_SEARCH_PATHS = (
					"$(inherited)",
					"$(LOCAL_LIBRARY_DIR)/Frameworks",
				);
				HEADER_SEARCH_PATHS = /usr/local/include;
				LIBRARY_SEARCH_PATHS = (
					"$(inherited)",
					/usr/local/Cellar/sdl2_image/2.0.4/lib,
					/usr/local/Cellar/sdl2/2.0.9_1/lib,
				);
				PRODUCT_NAME = "$(TARGET_NAME)";
				PROVISIONING_PROFILE_SPECIFIER = "";
			};
			name = Debug;
		};
		7B86DEEC2283585900D96980 /* Release */ = {
			isa = XCBuildConfiguration;
			buildSettings = {
				CODE_SIGN_STYLE = Manual;
				DEVELOPMENT_TEAM = "";
				FRAMEWORK_SEARCH_PATHS = (
					"$(inherited)",
					"$(LOCAL_LIBRARY_DIR)/Frameworks",
				);
				HEADER_SEARCH_PATHS = /usr/local/include;
				LIBRARY_SEARCH_PATHS = (
					"$(inherited)",
					/usr/local/Cellar/sdl2_image/2.0.4/lib,
					/usr/local/Cellar/sdl2/2.0.9_1/lib,
				);
				PRODUCT_NAME = "$(TARGET_NAME)";
				PROVISIONING_PROFILE_SPECIFIER = "";
			};
			name = Release;
		};
/* End XCBuildConfiguration section */

/* Begin XCConfigurationList section */
		7B86DEDE2283585900D96980 /* Build configuration list for PBXProject "2D_Game_Engine" */ = {
			isa = XCConfigurationList;
			buildConfigurations = (
				7B86DEE82283585900D96980 /* Debug */,
				7B86DEE92283585900D96980 /* Release */,
			);
			defaultConfigurationIsVisible = 0;
			defaultConfigurationName = Release;
		};
		7B86DEEA2283585900D96980 /* Build configuration list for PBXNativeTarget "2D_Game_Engine" */ = {
			isa = XCConfigurationList;
			buildConfigurations = (
				7B86DEEB2283585900D96980 /* Debug */,
				7B86DEEC2283585900D96980 /* Release */,
			);
			defaultConfigurationIsVisible = 0;
			defaultConfigurationName = Release;
		};
/* End XCConfigurationList section */
	};
	rootObject = 7B86DEDB2283585900D96980 /* Project object */;
}
